// !$*UTF8*$!
{
	archiveVersion = 1;
	classes = {
	};
	objectVersion = 50;
	objects = {

/* Begin PBXBuildFile section */
		306C24A12400DD7D0042D79C /* AppDelegate.swift in Sources */ = {isa = PBXBuildFile; fileRef = 306C24A02400DD7D0042D79C /* AppDelegate.swift */; };
		306C24A32400DD7D0042D79C /* SceneDelegate.swift in Sources */ = {isa = PBXBuildFile; fileRef = 306C24A22400DD7D0042D79C /* SceneDelegate.swift */; };
		306C24A52400DD7D0042D79C /* ContentView.swift in Sources */ = {isa = PBXBuildFile; fileRef = 306C24A42400DD7D0042D79C /* ContentView.swift */; };
		306C24A72400DD7E0042D79C /* Assets.xcassets in Resources */ = {isa = PBXBuildFile; fileRef = 306C24A62400DD7E0042D79C /* Assets.xcassets */; };
		306C24AA2400DD7E0042D79C /* Preview Assets.xcassets in Resources */ = {isa = PBXBuildFile; fileRef = 306C24A92400DD7E0042D79C /* Preview Assets.xcassets */; };
		306C24AD2400DD7E0042D79C /* LaunchScreen.storyboard in Resources */ = {isa = PBXBuildFile; fileRef = 306C24AB2400DD7E0042D79C /* LaunchScreen.storyboard */; };
		306C24B82400DD7E0042D79C /* DrawingAppTests.swift in Sources */ = {isa = PBXBuildFile; fileRef = 306C24B72400DD7E0042D79C /* DrawingAppTests.swift */; };
		306C24C32400DD7E0042D79C /* DrawingAppUITests.swift in Sources */ = {isa = PBXBuildFile; fileRef = 306C24C22400DD7E0042D79C /* DrawingAppUITests.swift */; };
		306C24D12400DDFB0042D79C /* DrawingView.swift in Sources */ = {isa = PBXBuildFile; fileRef = 306C24D02400DDFB0042D79C /* DrawingView.swift */; };
		306C24D32400DF870042D79C /* UIView+Extension.swift in Sources */ = {isa = PBXBuildFile; fileRef = 306C24D22400DF870042D79C /* UIView+Extension.swift */; };
		306C24D72400E0C40042D79C /* DrawPoints.swift in Sources */ = {isa = PBXBuildFile; fileRef = 306C24D62400E0C40042D79C /* DrawPoints.swift */; };
		306C24D92400E1480042D79C /* DrawPathView.swift in Sources */ = {isa = PBXBuildFile; fileRef = 306C24D82400E1480042D79C /* DrawPathView.swift */; };
		306C24DB2400E17C0042D79C /* Canvas.swift in Sources */ = {isa = PBXBuildFile; fileRef = 306C24DA2400E17C0042D79C /* Canvas.swift */; };
		306C24DD2401FFF50042D79C /* DrawingViewModel.swift in Sources */ = {isa = PBXBuildFile; fileRef = 306C24DC2401FFF50042D79C /* DrawingViewModel.swift */; };
/* End PBXBuildFile section */

/* Begin PBXContainerItemProxy section */
		306C24B42400DD7E0042D79C /* PBXContainerItemProxy */ = {
			isa = PBXContainerItemProxy;
			containerPortal = 306C24952400DD7D0042D79C /* Project object */;
			proxyType = 1;
			remoteGlobalIDString = 306C249C2400DD7D0042D79C;
			remoteInfo = DrawingApp;
		};
		306C24BF2400DD7E0042D79C /* PBXContainerItemProxy */ = {
			isa = PBXContainerItemProxy;
			containerPortal = 306C24952400DD7D0042D79C /* Project object */;
			proxyType = 1;
			remoteGlobalIDString = 306C249C2400DD7D0042D79C;
			remoteInfo = DrawingApp;
		};
/* End PBXContainerItemProxy section */

/* Begin PBXFileReference section */
		306C249D2400DD7D0042D79C /* DrawingApp.app */ = {isa = PBXFileReference; explicitFileType = wrapper.application; includeInIndex = 0; path = DrawingApp.app; sourceTree = BUILT_PRODUCTS_DIR; };
		306C24A02400DD7D0042D79C /* AppDelegate.swift */ = {isa = PBXFileReference; lastKnownFileType = sourcecode.swift; path = AppDelegate.swift; sourceTree = "<group>"; };
		306C24A22400DD7D0042D79C /* SceneDelegate.swift */ = {isa = PBXFileReference; lastKnownFileType = sourcecode.swift; path = SceneDelegate.swift; sourceTree = "<group>"; };
		306C24A42400DD7D0042D79C /* ContentView.swift */ = {isa = PBXFileReference; lastKnownFileType = sourcecode.swift; path = ContentView.swift; sourceTree = "<group>"; };
		306C24A62400DD7E0042D79C /* Assets.xcassets */ = {isa = PBXFileReference; lastKnownFileType = folder.assetcatalog; path = Assets.xcassets; sourceTree = "<group>"; };
		306C24A92400DD7E0042D79C /* Preview Assets.xcassets */ = {isa = PBXFileReference; lastKnownFileType = folder.assetcatalog; path = "Preview Assets.xcassets"; sourceTree = "<group>"; };
		306C24AC2400DD7E0042D79C /* Base */ = {isa = PBXFileReference; lastKnownFileType = file.storyboard; name = Base; path = Base.lproj/LaunchScreen.storyboard; sourceTree = "<group>"; };
		306C24AE2400DD7E0042D79C /* Info.plist */ = {isa = PBXFileReference; lastKnownFileType = text.plist.xml; path = Info.plist; sourceTree = "<group>"; };
		306C24B32400DD7E0042D79C /* DrawingAppTests.xctest */ = {isa = PBXFileReference; explicitFileType = wrapper.cfbundle; includeInIndex = 0; path = DrawingAppTests.xctest; sourceTree = BUILT_PRODUCTS_DIR; };
		306C24B72400DD7E0042D79C /* DrawingAppTests.swift */ = {isa = PBXFileReference; lastKnownFileType = sourcecode.swift; path = DrawingAppTests.swift; sourceTree = "<group>"; };
		306C24B92400DD7E0042D79C /* Info.plist */ = {isa = PBXFileReference; lastKnownFileType = text.plist.xml; path = Info.plist; sourceTree = "<group>"; };
		306C24BE2400DD7E0042D79C /* DrawingAppUITests.xctest */ = {isa = PBXFileReference; explicitFileType = wrapper.cfbundle; includeInIndex = 0; path = DrawingAppUITests.xctest; sourceTree = BUILT_PRODUCTS_DIR; };
		306C24C22400DD7E0042D79C /* DrawingAppUITests.swift */ = {isa = PBXFileReference; lastKnownFileType = sourcecode.swift; path = DrawingAppUITests.swift; sourceTree = "<group>"; };
		306C24C42400DD7E0042D79C /* Info.plist */ = {isa = PBXFileReference; lastKnownFileType = text.plist.xml; path = Info.plist; sourceTree = "<group>"; };
		306C24D02400DDFB0042D79C /* DrawingView.swift */ = {isa = PBXFileReference; fileEncoding = 4; lastKnownFileType = sourcecode.swift; path = DrawingView.swift; sourceTree = "<group>"; };
		306C24D22400DF870042D79C /* UIView+Extension.swift */ = {isa = PBXFileReference; lastKnownFileType = sourcecode.swift; path = "UIView+Extension.swift"; sourceTree = "<group>"; };
		306C24D62400E0C40042D79C /* DrawPoints.swift */ = {isa = PBXFileReference; lastKnownFileType = sourcecode.swift; path = DrawPoints.swift; sourceTree = "<group>"; };
		306C24D82400E1480042D79C /* DrawPathView.swift */ = {isa = PBXFileReference; lastKnownFileType = sourcecode.swift; path = DrawPathView.swift; sourceTree = "<group>"; };
		306C24DA2400E17C0042D79C /* Canvas.swift */ = {isa = PBXFileReference; lastKnownFileType = sourcecode.swift; path = Canvas.swift; sourceTree = "<group>"; };
		306C24DC2401FFF50042D79C /* DrawingViewModel.swift */ = {isa = PBXFileReference; lastKnownFileType = sourcecode.swift; path = DrawingViewModel.swift; sourceTree = "<group>"; };
/* End PBXFileReference section */

/* Begin PBXFrameworksBuildPhase section */
		306C249A2400DD7D0042D79C /* Frameworks */ = {
			isa = PBXFrameworksBuildPhase;
			buildActionMask = 2147483647;
			files = (
			);
			runOnlyForDeploymentPostprocessing = 0;
		};
		306C24B02400DD7E0042D79C /* Frameworks */ = {
			isa = PBXFrameworksBuildPhase;
			buildActionMask = 2147483647;
			files = (
			);
			runOnlyForDeploymentPostprocessing = 0;
		};
		306C24BB2400DD7E0042D79C /* Frameworks */ = {
			isa = PBXFrameworksBuildPhase;
			buildActionMask = 2147483647;
			files = (
			);
			runOnlyForDeploymentPostprocessing = 0;
		};
/* End PBXFrameworksBuildPhase section */

/* Begin PBXGroup section */
		306C24942400DD7D0042D79C = {
			isa = PBXGroup;
			children = (
				306C249F2400DD7D0042D79C /* DrawingApp */,
				306C24B62400DD7E0042D79C /* DrawingAppTests */,
				306C24C12400DD7E0042D79C /* DrawingAppUITests */,
				306C249E2400DD7D0042D79C /* Products */,
			);
			sourceTree = "<group>";
		};
		306C249E2400DD7D0042D79C /* Products */ = {
			isa = PBXGroup;
			children = (
				306C249D2400DD7D0042D79C /* DrawingApp.app */,
				306C24B32400DD7E0042D79C /* DrawingAppTests.xctest */,
				306C24BE2400DD7E0042D79C /* DrawingAppUITests.xctest */,
			);
			name = Products;
			sourceTree = "<group>";
		};
		306C249F2400DD7D0042D79C /* DrawingApp */ = {
			isa = PBXGroup;
			children = (
				306C24D52400E0A40042D79C /* View */,
				306C24D42400E09D0042D79C /* Model */,
				306C24A02400DD7D0042D79C /* AppDelegate.swift */,
				306C24A22400DD7D0042D79C /* SceneDelegate.swift */,
				306C24A42400DD7D0042D79C /* ContentView.swift */,
				306C24D22400DF870042D79C /* UIView+Extension.swift */,
				306C24A62400DD7E0042D79C /* Assets.xcassets */,
				306C24AB2400DD7E0042D79C /* LaunchScreen.storyboard */,
				306C24AE2400DD7E0042D79C /* Info.plist */,
				306C24A82400DD7E0042D79C /* Preview Content */,
			);
			path = DrawingApp;
			sourceTree = "<group>";
		};
		306C24A82400DD7E0042D79C /* Preview Content */ = {
			isa = PBXGroup;
			children = (
				306C24A92400DD7E0042D79C /* Preview Assets.xcassets */,
			);
			path = "Preview Content";
			sourceTree = "<group>";
		};
		306C24B62400DD7E0042D79C /* DrawingAppTests */ = {
			isa = PBXGroup;
			children = (
				306C24B72400DD7E0042D79C /* DrawingAppTests.swift */,
				306C24B92400DD7E0042D79C /* Info.plist */,
			);
			path = DrawingAppTests;
			sourceTree = "<group>";
		};
		306C24C12400DD7E0042D79C /* DrawingAppUITests */ = {
			isa = PBXGroup;
			children = (
				306C24C22400DD7E0042D79C /* DrawingAppUITests.swift */,
				306C24C42400DD7E0042D79C /* Info.plist */,
			);
			path = DrawingAppUITests;
			sourceTree = "<group>";
		};
		306C24D42400E09D0042D79C /* Model */ = {
			isa = PBXGroup;
			children = (
				306C24D62400E0C40042D79C /* DrawPoints.swift */,
			);
			path = Model;
			sourceTree = "<group>";
		};
		306C24D52400E0A40042D79C /* View */ = {
			isa = PBXGroup;
			children = (
				306C24D02400DDFB0042D79C /* DrawingView.swift */,
				306C24DC2401FFF50042D79C /* DrawingViewModel.swift */,
				306C24D82400E1480042D79C /* DrawPathView.swift */,
				306C24DA2400E17C0042D79C /* Canvas.swift */,
			);
			path = View;
			sourceTree = "<group>";
		};
/* End PBXGroup section */

/* Begin PBXNativeTarget section */
		306C249C2400DD7D0042D79C /* DrawingApp */ = {
			isa = PBXNativeTarget;
			buildConfigurationList = 306C24C72400DD7E0042D79C /* Build configuration list for PBXNativeTarget "DrawingApp" */;
			buildPhases = (
				306C24992400DD7D0042D79C /* Sources */,
				306C249A2400DD7D0042D79C /* Frameworks */,
				306C249B2400DD7D0042D79C /* Resources */,
			);
			buildRules = (
			);
			dependencies = (
			);
			name = DrawingApp;
			productName = DrawingApp;
			productReference = 306C249D2400DD7D0042D79C /* DrawingApp.app */;
			productType = "com.apple.product-type.application";
		};
		306C24B22400DD7E0042D79C /* DrawingAppTests */ = {
			isa = PBXNativeTarget;
			buildConfigurationList = 306C24CA2400DD7E0042D79C /* Build configuration list for PBXNativeTarget "DrawingAppTests" */;
			buildPhases = (
				306C24AF2400DD7E0042D79C /* Sources */,
				306C24B02400DD7E0042D79C /* Frameworks */,
				306C24B12400DD7E0042D79C /* Resources */,
			);
			buildRules = (
			);
			dependencies = (
				306C24B52400DD7E0042D79C /* PBXTargetDependency */,
			);
			name = DrawingAppTests;
			productName = DrawingAppTests;
			productReference = 306C24B32400DD7E0042D79C /* DrawingAppTests.xctest */;
			productType = "com.apple.product-type.bundle.unit-test";
		};
		306C24BD2400DD7E0042D79C /* DrawingAppUITests */ = {
			isa = PBXNativeTarget;
			buildConfigurationList = 306C24CD2400DD7E0042D79C /* Build configuration list for PBXNativeTarget "DrawingAppUITests" */;
			buildPhases = (
				306C24BA2400DD7E0042D79C /* Sources */,
				306C24BB2400DD7E0042D79C /* Frameworks */,
				306C24BC2400DD7E0042D79C /* Resources */,
			);
			buildRules = (
			);
			dependencies = (
				306C24C02400DD7E0042D79C /* PBXTargetDependency */,
			);
			name = DrawingAppUITests;
			productName = DrawingAppUITests;
			productReference = 306C24BE2400DD7E0042D79C /* DrawingAppUITests.xctest */;
			productType = "com.apple.product-type.bundle.ui-testing";
		};
/* End PBXNativeTarget section */

/* Begin PBXProject section */
		306C24952400DD7D0042D79C /* Project object */ = {
			isa = PBXProject;
			attributes = {
				LastSwiftUpdateCheck = 1130;
				LastUpgradeCheck = 1130;
				ORGANIZATIONNAME = satoutakeshi;
				TargetAttributes = {
					306C249C2400DD7D0042D79C = {
						CreatedOnToolsVersion = 11.3.1;
					};
					306C24B22400DD7E0042D79C = {
						CreatedOnToolsVersion = 11.3.1;
						TestTargetID = 306C249C2400DD7D0042D79C;
					};
					306C24BD2400DD7E0042D79C = {
						CreatedOnToolsVersion = 11.3.1;
						TestTargetID = 306C249C2400DD7D0042D79C;
					};
				};
			};
			buildConfigurationList = 306C24982400DD7D0042D79C /* Build configuration list for PBXProject "DrawingApp" */;
			compatibilityVersion = "Xcode 9.3";
			developmentRegion = en;
			hasScannedForEncodings = 0;
			knownRegions = (
				en,
				Base,
			);
			mainGroup = 306C24942400DD7D0042D79C;
			productRefGroup = 306C249E2400DD7D0042D79C /* Products */;
			projectDirPath = "";
			projectRoot = "";
			targets = (
				306C249C2400DD7D0042D79C /* DrawingApp */,
				306C24B22400DD7E0042D79C /* DrawingAppTests */,
				306C24BD2400DD7E0042D79C /* DrawingAppUITests */,
			);
		};
/* End PBXProject section */

/* Begin PBXResourcesBuildPhase section */
		306C249B2400DD7D0042D79C /* Resources */ = {
			isa = PBXResourcesBuildPhase;
			buildActionMask = 2147483647;
			files = (
				306C24AD2400DD7E0042D79C /* LaunchScreen.storyboard in Resources */,
				306C24AA2400DD7E0042D79C /* Preview Assets.xcassets in Resources */,
				306C24A72400DD7E0042D79C /* Assets.xcassets in Resources */,
			);
			runOnlyForDeploymentPostprocessing = 0;
		};
		306C24B12400DD7E0042D79C /* Resources */ = {
			isa = PBXResourcesBuildPhase;
			buildActionMask = 2147483647;
			files = (
			);
			runOnlyForDeploymentPostprocessing = 0;
		};
		306C24BC2400DD7E0042D79C /* Resources */ = {
			isa = PBXResourcesBuildPhase;
			buildActionMask = 2147483647;
			files = (
			);
			runOnlyForDeploymentPostprocessing = 0;
		};
/* End PBXResourcesBuildPhase section */

/* Begin PBXSourcesBuildPhase section */
		306C24992400DD7D0042D79C /* Sources */ = {
			isa = PBXSourcesBuildPhase;
			buildActionMask = 2147483647;
			files = (
				306C24A12400DD7D0042D79C /* AppDelegate.swift in Sources */,
				306C24A32400DD7D0042D79C /* SceneDelegate.swift in Sources */,
				306C24A52400DD7D0042D79C /* ContentView.swift in Sources */,
				306C24DB2400E17C0042D79C /* Canvas.swift in Sources */,
				306C24D32400DF870042D79C /* UIView+Extension.swift in Sources */,
				306C24DD2401FFF50042D79C /* DrawingViewModel.swift in Sources */,
				306C24D72400E0C40042D79C /* DrawPoints.swift in Sources */,
				306C24D12400DDFB0042D79C /* DrawingView.swift in Sources */,
				306C24D92400E1480042D79C /* DrawPathView.swift in Sources */,
			);
			runOnlyForDeploymentPostprocessing = 0;
		};
		306C24AF2400DD7E0042D79C /* Sources */ = {
			isa = PBXSourcesBuildPhase;
			buildActionMask = 2147483647;
			files = (
				306C24B82400DD7E0042D79C /* DrawingAppTests.swift in Sources */,
			);
			runOnlyForDeploymentPostprocessing = 0;
		};
		306C24BA2400DD7E0042D79C /* Sources */ = {
			isa = PBXSourcesBuildPhase;
			buildActionMask = 2147483647;
			files = (
				306C24C32400DD7E0042D79C /* DrawingAppUITests.swift in Sources */,
			);
			runOnlyForDeploymentPostprocessing = 0;
		};
/* End PBXSourcesBuildPhase section */

/* Begin PBXTargetDependency section */
		306C24B52400DD7E0042D79C /* PBXTargetDependency */ = {
			isa = PBXTargetDependency;
			target = 306C249C2400DD7D0042D79C /* DrawingApp */;
			targetProxy = 306C24B42400DD7E0042D79C /* PBXContainerItemProxy */;
		};
		306C24C02400DD7E0042D79C /* PBXTargetDependency */ = {
			isa = PBXTargetDependency;
			target = 306C249C2400DD7D0042D79C /* DrawingApp */;
			targetProxy = 306C24BF2400DD7E0042D79C /* PBXContainerItemProxy */;
		};
/* End PBXTargetDependency section */

/* Begin PBXVariantGroup section */
		306C24AB2400DD7E0042D79C /* LaunchScreen.storyboard */ = {
			isa = PBXVariantGroup;
			children = (
				306C24AC2400DD7E0042D79C /* Base */,
			);
			name = LaunchScreen.storyboard;
			sourceTree = "<group>";
		};
/* End PBXVariantGroup section */

/* Begin XCBuildConfiguration section */
		306C24C52400DD7E0042D79C /* Debug */ = {
			isa = XCBuildConfiguration;
			buildSettings = {
				ALWAYS_SEARCH_USER_PATHS = NO;
				CLANG_ANALYZER_NONNULL = YES;
				CLANG_ANALYZER_NUMBER_OBJECT_CONVERSION = YES_AGGRESSIVE;
				CLANG_CXX_LANGUAGE_STANDARD = "gnu++14";
				CLANG_CXX_LIBRARY = "libc++";
				CLANG_ENABLE_MODULES = YES;
				CLANG_ENABLE_OBJC_ARC = YES;
				CLANG_ENABLE_OBJC_WEAK = YES;
				CLANG_WARN_BLOCK_CAPTURE_AUTORELEASING = YES;
				CLANG_WARN_BOOL_CONVERSION = YES;
				CLANG_WARN_COMMA = YES;
				CLANG_WARN_CONSTANT_CONVERSION = YES;
				CLANG_WARN_DEPRECATED_OBJC_IMPLEMENTATIONS = YES;
				CLANG_WARN_DIRECT_OBJC_ISA_USAGE = YES_ERROR;
				CLANG_WARN_DOCUMENTATION_COMMENTS = YES;
				CLANG_WARN_EMPTY_BODY = YES;
				CLANG_WARN_ENUM_CONVERSION = YES;
				CLANG_WARN_INFINITE_RECURSION = YES;
				CLANG_WARN_INT_CONVERSION = YES;
				CLANG_WARN_NON_LITERAL_NULL_CONVERSION = YES;
				CLANG_WARN_OBJC_IMPLICIT_RETAIN_SELF = YES;
				CLANG_WARN_OBJC_LITERAL_CONVERSION = YES;
				CLANG_WARN_OBJC_ROOT_CLASS = YES_ERROR;
				CLANG_WARN_RANGE_LOOP_ANALYSIS = YES;
				CLANG_WARN_STRICT_PROTOTYPES = YES;
				CLANG_WARN_SUSPICIOUS_MOVE = YES;
				CLANG_WARN_UNGUARDED_AVAILABILITY = YES_AGGRESSIVE;
				CLANG_WARN_UNREACHABLE_CODE = YES;
				CLANG_WARN__DUPLICATE_METHOD_MATCH = YES;
				COPY_PHASE_STRIP = NO;
				DEBUG_INFORMATION_FORMAT = dwarf;
				ENABLE_STRICT_OBJC_MSGSEND = YES;
				ENABLE_TESTABILITY = YES;
				GCC_C_LANGUAGE_STANDARD = gnu11;
				GCC_DYNAMIC_NO_PIC = NO;
				GCC_NO_COMMON_BLOCKS = YES;
				GCC_OPTIMIZATION_LEVEL = 0;
				GCC_PREPROCESSOR_DEFINITIONS = (
					"DEBUG=1",
					"$(inherited)",
				);
				GCC_WARN_64_TO_32_BIT_CONVERSION = YES;
				GCC_WARN_ABOUT_RETURN_TYPE = YES_ERROR;
				GCC_WARN_UNDECLARED_SELECTOR = YES;
				GCC_WARN_UNINITIALIZED_AUTOS = YES_AGGRESSIVE;
				GCC_WARN_UNUSED_FUNCTION = YES;
				GCC_WARN_UNUSED_VARIABLE = YES;
				IPHONEOS_DEPLOYMENT_TARGET = 13.2;
				MTL_ENABLE_DEBUG_INFO = INCLUDE_SOURCE;
				MTL_FAST_MATH = YES;
				ONLY_ACTIVE_ARCH = YES;
				SDKROOT = iphoneos;
				SWIFT_ACTIVE_COMPILATION_CONDITIONS = DEBUG;
				SWIFT_OPTIMIZATION_LEVEL = "-Onone";
			};
			name = Debug;
		};
		306C24C62400DD7E0042D79C /* Release */ = {
			isa = XCBuildConfiguration;
			buildSettings = {
				ALWAYS_SEARCH_USER_PATHS = NO;
				CLANG_ANALYZER_NONNULL = YES;
				CLANG_ANALYZER_NUMBER_OBJECT_CONVERSION = YES_AGGRESSIVE;
				CLANG_CXX_LANGUAGE_STANDARD = "gnu++14";
				CLANG_CXX_LIBRARY = "libc++";
				CLANG_ENABLE_MODULES = YES;
				CLANG_ENABLE_OBJC_ARC = YES;
				CLANG_ENABLE_OBJC_WEAK = YES;
				CLANG_WARN_BLOCK_CAPTURE_AUTORELEASING = YES;
				CLANG_WARN_BOOL_CONVERSION = YES;
				CLANG_WARN_COMMA = YES;
				CLANG_WARN_CONSTANT_CONVERSION = YES;
				CLANG_WARN_DEPRECATED_OBJC_IMPLEMENTATIONS = YES;
				CLANG_WARN_DIRECT_OBJC_ISA_USAGE = YES_ERROR;
				CLANG_WARN_DOCUMENTATION_COMMENTS = YES;
				CLANG_WARN_EMPTY_BODY = YES;
				CLANG_WARN_ENUM_CONVERSION = YES;
				CLANG_WARN_INFINITE_RECURSION = YES;
				CLANG_WARN_INT_CONVERSION = YES;
				CLANG_WARN_NON_LITERAL_NULL_CONVERSION = YES;
				CLANG_WARN_OBJC_IMPLICIT_RETAIN_SELF = YES;
				CLANG_WARN_OBJC_LITERAL_CONVERSION = YES;
				CLANG_WARN_OBJC_ROOT_CLASS = YES_ERROR;
				CLANG_WARN_RANGE_LOOP_ANALYSIS = YES;
				CLANG_WARN_STRICT_PROTOTYPES = YES;
				CLANG_WARN_SUSPICIOUS_MOVE = YES;
				CLANG_WARN_UNGUARDED_AVAILABILITY = YES_AGGRESSIVE;
				CLANG_WARN_UNREACHABLE_CODE = YES;
				CLANG_WARN__DUPLICATE_METHOD_MATCH = YES;
				COPY_PHASE_STRIP = NO;
				DEBUG_INFORMATION_FORMAT = "dwarf-with-dsym";
				ENABLE_NS_ASSERTIONS = NO;
				ENABLE_STRICT_OBJC_MSGSEND = YES;
				GCC_C_LANGUAGE_STANDARD = gnu11;
				GCC_NO_COMMON_BLOCKS = YES;
				GCC_WARN_64_TO_32_BIT_CONVERSION = YES;
				GCC_WARN_ABOUT_RETURN_TYPE = YES_ERROR;
				GCC_WARN_UNDECLARED_SELECTOR = YES;
				GCC_WARN_UNINITIALIZED_AUTOS = YES_AGGRESSIVE;
				GCC_WARN_UNUSED_FUNCTION = YES;
				GCC_WARN_UNUSED_VARIABLE = YES;
				IPHONEOS_DEPLOYMENT_TARGET = 13.2;
				MTL_ENABLE_DEBUG_INFO = NO;
				MTL_FAST_MATH = YES;
				SDKROOT = iphoneos;
				SWIFT_COMPILATION_MODE = wholemodule;
				SWIFT_OPTIMIZATION_LEVEL = "-O";
				VALIDATE_PRODUCT = YES;
			};
			name = Release;
		};
		306C24C82400DD7E0042D79C /* Debug */ = {
			isa = XCBuildConfiguration;
			buildSettings = {
				ASSETCATALOG_COMPILER_APPICON_NAME = AppIcon;
				CODE_SIGN_STYLE = Automatic;
				DEVELOPMENT_ASSET_PATHS = "\"DrawingApp/Preview Content\"";
				ENABLE_PREVIEWS = YES;
				INFOPLIST_FILE = DrawingApp/Info.plist;
				LD_RUNPATH_SEARCH_PATHS = (
					"$(inherited)",
					"@executable_path/Frameworks",
				);
				PRODUCT_BUNDLE_IDENTIFIER = "Personal-Factory.DrawingApp";
				PRODUCT_NAME = "$(TARGET_NAME)";
				SWIFT_VERSION = 5.0;
				TARGETED_DEVICE_FAMILY = "1,2";
			};
			name = Debug;
		};
		306C24C92400DD7E0042D79C /* Release */ = {
			isa = XCBuildConfiguration;
			buildSettings = {
				ASSETCATALOG_COMPILER_APPICON_NAME = AppIcon;
				CODE_SIGN_STYLE = Automatic;
				DEVELOPMENT_ASSET_PATHS = "\"DrawingApp/Preview Content\"";
				ENABLE_PREVIEWS = YES;
				INFOPLIST_FILE = DrawingApp/Info.plist;
				LD_RUNPATH_SEARCH_PATHS = (
					"$(inherited)",
					"@executable_path/Frameworks",
				);
				PRODUCT_BUNDLE_IDENTIFIER = "Personal-Factory.DrawingApp";
				PRODUCT_NAME = "$(TARGET_NAME)";
				SWIFT_VERSION = 5.0;
				TARGETED_DEVICE_FAMILY = "1,2";
			};
			name = Release;
		};
		306C24CB2400DD7E0042D79C /* Debug */ = {
			isa = XCBuildConfiguration;
			buildSettings = {
				ALWAYS_EMBED_SWIFT_STANDARD_LIBRARIES = YES;
				BUNDLE_LOADER = "$(TEST_HOST)";
				CODE_SIGN_STYLE = Automatic;
				INFOPLIST_FILE = DrawingAppTests/Info.plist;
				IPHONEOS_DEPLOYMENT_TARGET = 13.2;
				LD_RUNPATH_SEARCH_PATHS = (
					"$(inherited)",
					"@executable_path/Frameworks",
					"@loader_path/Frameworks",
				);
				PRODUCT_BUNDLE_IDENTIFIER = "Personal-Factory.DrawingAppTests";
				PRODUCT_NAME = "$(TARGET_NAME)";
				SWIFT_VERSION = 5.0;
				TARGETED_DEVICE_FAMILY = "1,2";
				TEST_HOST = "$(BUILT_PRODUCTS_DIR)/DrawingApp.app/DrawingApp";
			};
			name = Debug;
		};
		306C24CC2400DD7E0042D79C /* Release */ = {
			isa = XCBuildConfiguration;
			buildSettings = {
				ALWAYS_EMBED_SWIFT_STANDARD_LIBRARIES = YES;
				BUNDLE_LOADER = "$(TEST_HOST)";
				CODE_SIGN_STYLE = Automatic;
				INFOPLIST_FILE = DrawingAppTests/Info.plist;
				IPHONEOS_DEPLOYMENT_TARGET = 13.2;
				LD_RUNPATH_SEARCH_PATHS = (
					"$(inherited)",
					"@executable_path/Frameworks",
					"@loader_path/Frameworks",
				);
				PRODUCT_BUNDLE_IDENTIFIER = "Personal-Factory.DrawingAppTests";
				PRODUCT_NAME = "$(TARGET_NAME)";
				SWIFT_VERSION = 5.0;
				TARGETED_DEVICE_FAMILY = "1,2";
				TEST_HOST = "$(BUILT_PRODUCTS_DIR)/DrawingApp.app/DrawingApp";
			};
			name = Release;
		};
		306C24CE2400DD7E0042D79C /* Debug */ = {
			isa = XCBuildConfiguration;
			buildSettings = {
				ALWAYS_EMBED_SWIFT_STANDARD_LIBRARIES = YES;
				CODE_SIGN_STYLE = Automatic;
				INFOPLIST_FILE = DrawingAppUITests/Info.plist;
				LD_RUNPATH_SEARCH_PATHS = (
					"$(inherited)",
					"@executable_path/Frameworks",
					"@loader_path/Frameworks",
				);
				PRODUCT_BUNDLE_IDENTIFIER = "Personal-Factory.DrawingAppUITests";
				PRODUCT_NAME = "$(TARGET_NAME)";
				SWIFT_VERSION = 5.0;
				TARGETED_DEVICE_FAMILY = "1,2";
				TEST_TARGET_NAME = DrawingApp;
			};
			name = Debug;
		};
		306C24CF2400DD7E0042D79C /* Release */ = {
			isa = XCBuildConfiguration;
			buildSettings = {
				ALWAYS_EMBED_SWIFT_STANDARD_LIBRARIES = YES;
				CODE_SIGN_STYLE = Automatic;
				INFOPLIST_FILE = DrawingAppUITests/Info.plist;
				LD_RUNPATH_SEARCH_PATHS = (
					"$(inherited)",
					"@executable_path/Frameworks",
					"@loader_path/Frameworks",
				);
				PRODUCT_BUNDLE_IDENTIFIER = "Personal-Factory.DrawingAppUITests";
				PRODUCT_NAME = "$(TARGET_NAME)";
				SWIFT_VERSION = 5.0;
				TARGETED_DEVICE_FAMILY = "1,2";
				TEST_TARGET_NAME = DrawingApp;
			};
			name = Release;
		};
/* End XCBuildConfiguration section */

/* Begin XCConfigurationList section */
		306C24982400DD7D0042D79C /* Build configuration list for PBXProject "DrawingApp" */ = {
			isa = XCConfigurationList;
			buildConfigurations = (
				306C24C52400DD7E0042D79C /* Debug */,
				306C24C62400DD7E0042D79C /* Release */,
			);
			defaultConfigurationIsVisible = 0;
			defaultConfigurationName = Release;
		};
		306C24C72400DD7E0042D79C /* Build configuration list for PBXNativeTarget "DrawingApp" */ = {
			isa = XCConfigurationList;
			buildConfigurations = (
				306C24C82400DD7E0042D79C /* Debug */,
				306C24C92400DD7E0042D79C /* Release */,
			);
			defaultConfigurationIsVisible = 0;
			defaultConfigurationName = Release;
		};
		306C24CA2400DD7E0042D79C /* Build configuration list for PBXNativeTarget "DrawingAppTests" */ = {
			isa = XCConfigurationList;
			buildConfigurations = (
				306C24CB2400DD7E0042D79C /* Debug */,
				306C24CC2400DD7E0042D79C /* Release */,
			);
			defaultConfigurationIsVisible = 0;
			defaultConfigurationName = Release;
		};
		306C24CD2400DD7E0042D79C /* Build configuration list for PBXNativeTarget "DrawingAppUITests" */ = {
			isa = XCConfigurationList;
			buildConfigurations = (
				306C24CE2400DD7E0042D79C /* Debug */,
				306C24CF2400DD7E0042D79C /* Release */,
			);
			defaultConfigurationIsVisible = 0;
			defaultConfigurationName = Release;
		};
/* End XCConfigurationList section */
	};
	rootObject = 306C24952400DD7D0042D79C /* Project object */;
}
