// !$*UTF8*$!
{
	archiveVersion = 1;
	classes = {
	};
	objectVersion = 50;
	objects = {

/* Begin PBXBuildFile section */
		30941D0D24E21ECD002566B9 /* TodoReminderApp.swift in Sources */ = {isa = PBXBuildFile; fileRef = 30941D0C24E21ECD002566B9 /* TodoReminderApp.swift */; };
		30941D0F24E21ECD002566B9 /* ContentView.swift in Sources */ = {isa = PBXBuildFile; fileRef = 30941D0E24E21ECD002566B9 /* ContentView.swift */; };
		30941D1124E21ECF002566B9 /* Assets.xcassets in Resources */ = {isa = PBXBuildFile; fileRef = 30941D1024E21ECF002566B9 /* Assets.xcassets */; };
		30941D1424E21ECF002566B9 /* Preview Assets.xcassets in Resources */ = {isa = PBXBuildFile; fileRef = 30941D1324E21ECF002566B9 /* Preview Assets.xcassets */; };
		30941D1F24E21ECF002566B9 /* TodoReminderTests.swift in Sources */ = {isa = PBXBuildFile; fileRef = 30941D1E24E21ECF002566B9 /* TodoReminderTests.swift */; };
		30941D2A24E21ECF002566B9 /* TodoReminderUITests.swift in Sources */ = {isa = PBXBuildFile; fileRef = 30941D2924E21ECF002566B9 /* TodoReminderUITests.swift */; };
		30941D3A24E21FB1002566B9 /* Todo.xcdatamodeld in Sources */ = {isa = PBXBuildFile; fileRef = 30941D3824E21FB1002566B9 /* Todo.xcdatamodeld */; };
		30941D3C24E2223F002566B9 /* TodoListStore.swift in Sources */ = {isa = PBXBuildFile; fileRef = 30941D3B24E2223F002566B9 /* TodoListStore.swift */; };
/* End PBXBuildFile section */

/* Begin PBXContainerItemProxy section */
		30941D1B24E21ECF002566B9 /* PBXContainerItemProxy */ = {
			isa = PBXContainerItemProxy;
			containerPortal = 30941D0124E21ECD002566B9 /* Project object */;
			proxyType = 1;
			remoteGlobalIDString = 30941D0824E21ECD002566B9;
			remoteInfo = TodoReminder;
		};
		30941D2624E21ECF002566B9 /* PBXContainerItemProxy */ = {
			isa = PBXContainerItemProxy;
			containerPortal = 30941D0124E21ECD002566B9 /* Project object */;
			proxyType = 1;
			remoteGlobalIDString = 30941D0824E21ECD002566B9;
			remoteInfo = TodoReminder;
		};
/* End PBXContainerItemProxy section */

/* Begin PBXFileReference section */
		30941D0924E21ECD002566B9 /* TodoReminder.app */ = {isa = PBXFileReference; explicitFileType = wrapper.application; includeInIndex = 0; path = TodoReminder.app; sourceTree = BUILT_PRODUCTS_DIR; };
		30941D0C24E21ECD002566B9 /* TodoReminderApp.swift */ = {isa = PBXFileReference; lastKnownFileType = sourcecode.swift; path = TodoReminderApp.swift; sourceTree = "<group>"; };
		30941D0E24E21ECD002566B9 /* ContentView.swift */ = {isa = PBXFileReference; lastKnownFileType = sourcecode.swift; path = ContentView.swift; sourceTree = "<group>"; };
		30941D1024E21ECF002566B9 /* Assets.xcassets */ = {isa = PBXFileReference; lastKnownFileType = folder.assetcatalog; path = Assets.xcassets; sourceTree = "<group>"; };
		30941D1324E21ECF002566B9 /* Preview Assets.xcassets */ = {isa = PBXFileReference; lastKnownFileType = folder.assetcatalog; path = "Preview Assets.xcassets"; sourceTree = "<group>"; };
		30941D1524E21ECF002566B9 /* Info.plist */ = {isa = PBXFileReference; lastKnownFileType = text.plist.xml; path = Info.plist; sourceTree = "<group>"; };
		30941D1A24E21ECF002566B9 /* TodoReminderTests.xctest */ = {isa = PBXFileReference; explicitFileType = wrapper.cfbundle; includeInIndex = 0; path = TodoReminderTests.xctest; sourceTree = BUILT_PRODUCTS_DIR; };
		30941D1E24E21ECF002566B9 /* TodoReminderTests.swift */ = {isa = PBXFileReference; lastKnownFileType = sourcecode.swift; path = TodoReminderTests.swift; sourceTree = "<group>"; };
		30941D2024E21ECF002566B9 /* Info.plist */ = {isa = PBXFileReference; lastKnownFileType = text.plist.xml; path = Info.plist; sourceTree = "<group>"; };
		30941D2524E21ECF002566B9 /* TodoReminderUITests.xctest */ = {isa = PBXFileReference; explicitFileType = wrapper.cfbundle; includeInIndex = 0; path = TodoReminderUITests.xctest; sourceTree = BUILT_PRODUCTS_DIR; };
		30941D2924E21ECF002566B9 /* TodoReminderUITests.swift */ = {isa = PBXFileReference; lastKnownFileType = sourcecode.swift; path = TodoReminderUITests.swift; sourceTree = "<group>"; };
		30941D2B24E21ECF002566B9 /* Info.plist */ = {isa = PBXFileReference; lastKnownFileType = text.plist.xml; path = Info.plist; sourceTree = "<group>"; };
		30941D3924E21FB1002566B9 /* Todo.xcdatamodel */ = {isa = PBXFileReference; lastKnownFileType = wrapper.xcdatamodel; path = Todo.xcdatamodel; sourceTree = "<group>"; };
		30941D3B24E2223F002566B9 /* TodoListStore.swift */ = {isa = PBXFileReference; lastKnownFileType = sourcecode.swift; path = TodoListStore.swift; sourceTree = "<group>"; };
/* End PBXFileReference section */

/* Begin PBXFrameworksBuildPhase section */
		30941D0624E21ECD002566B9 /* Frameworks */ = {
			isa = PBXFrameworksBuildPhase;
			buildActionMask = 2147483647;
			files = (
			);
			runOnlyForDeploymentPostprocessing = 0;
		};
		30941D1724E21ECF002566B9 /* Frameworks */ = {
			isa = PBXFrameworksBuildPhase;
			buildActionMask = 2147483647;
			files = (
			);
			runOnlyForDeploymentPostprocessing = 0;
		};
		30941D2224E21ECF002566B9 /* Frameworks */ = {
			isa = PBXFrameworksBuildPhase;
			buildActionMask = 2147483647;
			files = (
			);
			runOnlyForDeploymentPostprocessing = 0;
		};
/* End PBXFrameworksBuildPhase section */

/* Begin PBXGroup section */
		30941D0024E21ECD002566B9 = {
			isa = PBXGroup;
			children = (
				30941D0B24E21ECD002566B9 /* TodoReminder */,
				30941D1D24E21ECF002566B9 /* TodoReminderTests */,
				30941D2824E21ECF002566B9 /* TodoReminderUITests */,
				30941D0A24E21ECD002566B9 /* Products */,
			);
			sourceTree = "<group>";
		};
		30941D0A24E21ECD002566B9 /* Products */ = {
			isa = PBXGroup;
			children = (
				30941D0924E21ECD002566B9 /* TodoReminder.app */,
				30941D1A24E21ECF002566B9 /* TodoReminderTests.xctest */,
				30941D2524E21ECF002566B9 /* TodoReminderUITests.xctest */,
			);
			name = Products;
			sourceTree = "<group>";
		};
		30941D0B24E21ECD002566B9 /* TodoReminder */ = {
			isa = PBXGroup;
			children = (
				30941D3724E21F24002566B9 /* Model */,
				30941D0C24E21ECD002566B9 /* TodoReminderApp.swift */,
				30941D0E24E21ECD002566B9 /* ContentView.swift */,
				30941D1024E21ECF002566B9 /* Assets.xcassets */,
				30941D1524E21ECF002566B9 /* Info.plist */,
				30941D1224E21ECF002566B9 /* Preview Content */,
			);
			path = TodoReminder;
			sourceTree = "<group>";
		};
		30941D1224E21ECF002566B9 /* Preview Content */ = {
			isa = PBXGroup;
			children = (
				30941D1324E21ECF002566B9 /* Preview Assets.xcassets */,
			);
			path = "Preview Content";
			sourceTree = "<group>";
		};
		30941D1D24E21ECF002566B9 /* TodoReminderTests */ = {
			isa = PBXGroup;
			children = (
				30941D1E24E21ECF002566B9 /* TodoReminderTests.swift */,
				30941D2024E21ECF002566B9 /* Info.plist */,
			);
			path = TodoReminderTests;
			sourceTree = "<group>";
		};
		30941D2824E21ECF002566B9 /* TodoReminderUITests */ = {
			isa = PBXGroup;
			children = (
				30941D2924E21ECF002566B9 /* TodoReminderUITests.swift */,
				30941D2B24E21ECF002566B9 /* Info.plist */,
			);
			path = TodoReminderUITests;
			sourceTree = "<group>";
		};
		30941D3724E21F24002566B9 /* Model */ = {
			isa = PBXGroup;
			children = (
				30941D3824E21FB1002566B9 /* Todo.xcdatamodeld */,
				30941D3B24E2223F002566B9 /* TodoListStore.swift */,
			);
			path = Model;
			sourceTree = "<group>";
		};
/* End PBXGroup section */

/* Begin PBXNativeTarget section */
		30941D0824E21ECD002566B9 /* TodoReminder */ = {
			isa = PBXNativeTarget;
			buildConfigurationList = 30941D2E24E21ECF002566B9 /* Build configuration list for PBXNativeTarget "TodoReminder" */;
			buildPhases = (
				30941D0524E21ECD002566B9 /* Sources */,
				30941D0624E21ECD002566B9 /* Frameworks */,
				30941D0724E21ECD002566B9 /* Resources */,
			);
			buildRules = (
			);
			dependencies = (
			);
			name = TodoReminder;
			productName = TodoReminder;
			productReference = 30941D0924E21ECD002566B9 /* TodoReminder.app */;
			productType = "com.apple.product-type.application";
		};
		30941D1924E21ECF002566B9 /* TodoReminderTests */ = {
			isa = PBXNativeTarget;
			buildConfigurationList = 30941D3124E21ECF002566B9 /* Build configuration list for PBXNativeTarget "TodoReminderTests" */;
			buildPhases = (
				30941D1624E21ECF002566B9 /* Sources */,
				30941D1724E21ECF002566B9 /* Frameworks */,
				30941D1824E21ECF002566B9 /* Resources */,
			);
			buildRules = (
			);
			dependencies = (
				30941D1C24E21ECF002566B9 /* PBXTargetDependency */,
			);
			name = TodoReminderTests;
			productName = TodoReminderTests;
			productReference = 30941D1A24E21ECF002566B9 /* TodoReminderTests.xctest */;
			productType = "com.apple.product-type.bundle.unit-test";
		};
		30941D2424E21ECF002566B9 /* TodoReminderUITests */ = {
			isa = PBXNativeTarget;
			buildConfigurationList = 30941D3424E21ECF002566B9 /* Build configuration list for PBXNativeTarget "TodoReminderUITests" */;
			buildPhases = (
				30941D2124E21ECF002566B9 /* Sources */,
				30941D2224E21ECF002566B9 /* Frameworks */,
				30941D2324E21ECF002566B9 /* Resources */,
			);
			buildRules = (
			);
			dependencies = (
				30941D2724E21ECF002566B9 /* PBXTargetDependency */,
			);
			name = TodoReminderUITests;
			productName = TodoReminderUITests;
			productReference = 30941D2524E21ECF002566B9 /* TodoReminderUITests.xctest */;
			productType = "com.apple.product-type.bundle.ui-testing";
		};
/* End PBXNativeTarget section */

/* Begin PBXProject section */
		30941D0124E21ECD002566B9 /* Project object */ = {
			isa = PBXProject;
			attributes = {
				LastSwiftUpdateCheck = 1200;
				LastUpgradeCheck = 1200;
				TargetAttributes = {
					30941D0824E21ECD002566B9 = {
						CreatedOnToolsVersion = 12.0;
					};
					30941D1924E21ECF002566B9 = {
						CreatedOnToolsVersion = 12.0;
						TestTargetID = 30941D0824E21ECD002566B9;
					};
					30941D2424E21ECF002566B9 = {
						CreatedOnToolsVersion = 12.0;
						TestTargetID = 30941D0824E21ECD002566B9;
					};
				};
			};
			buildConfigurationList = 30941D0424E21ECD002566B9 /* Build configuration list for PBXProject "TodoReminder" */;
			compatibilityVersion = "Xcode 9.3";
			developmentRegion = en;
			hasScannedForEncodings = 0;
			knownRegions = (
				en,
				Base,
			);
			mainGroup = 30941D0024E21ECD002566B9;
			productRefGroup = 30941D0A24E21ECD002566B9 /* Products */;
			projectDirPath = "";
			projectRoot = "";
			targets = (
				30941D0824E21ECD002566B9 /* TodoReminder */,
				30941D1924E21ECF002566B9 /* TodoReminderTests */,
				30941D2424E21ECF002566B9 /* TodoReminderUITests */,
			);
		};
/* End PBXProject section */

/* Begin PBXResourcesBuildPhase section */
		30941D0724E21ECD002566B9 /* Resources */ = {
			isa = PBXResourcesBuildPhase;
			buildActionMask = 2147483647;
			files = (
				30941D1424E21ECF002566B9 /* Preview Assets.xcassets in Resources */,
				30941D1124E21ECF002566B9 /* Assets.xcassets in Resources */,
			);
			runOnlyForDeploymentPostprocessing = 0;
		};
		30941D1824E21ECF002566B9 /* Resources */ = {
			isa = PBXResourcesBuildPhase;
			buildActionMask = 2147483647;
			files = (
			);
			runOnlyForDeploymentPostprocessing = 0;
		};
		30941D2324E21ECF002566B9 /* Resources */ = {
			isa = PBXResourcesBuildPhase;
			buildActionMask = 2147483647;
			files = (
			);
			runOnlyForDeploymentPostprocessing = 0;
		};
/* End PBXResourcesBuildPhase section */

/* Begin PBXSourcesBuildPhase section */
		30941D0524E21ECD002566B9 /* Sources */ = {
			isa = PBXSourcesBuildPhase;
			buildActionMask = 2147483647;
			files = (
				30941D0F24E21ECD002566B9 /* ContentView.swift in Sources */,
				30941D3C24E2223F002566B9 /* TodoListStore.swift in Sources */,
				30941D3A24E21FB1002566B9 /* Todo.xcdatamodeld in Sources */,
				30941D0D24E21ECD002566B9 /* TodoReminderApp.swift in Sources */,
			);
			runOnlyForDeploymentPostprocessing = 0;
		};
		30941D1624E21ECF002566B9 /* Sources */ = {
			isa = PBXSourcesBuildPhase;
			buildActionMask = 2147483647;
			files = (
				30941D1F24E21ECF002566B9 /* TodoReminderTests.swift in Sources */,
			);
			runOnlyForDeploymentPostprocessing = 0;
		};
		30941D2124E21ECF002566B9 /* Sources */ = {
			isa = PBXSourcesBuildPhase;
			buildActionMask = 2147483647;
			files = (
				30941D2A24E21ECF002566B9 /* TodoReminderUITests.swift in Sources */,
			);
			runOnlyForDeploymentPostprocessing = 0;
		};
/* End PBXSourcesBuildPhase section */

/* Begin PBXTargetDependency section */
		30941D1C24E21ECF002566B9 /* PBXTargetDependency */ = {
			isa = PBXTargetDependency;
			target = 30941D0824E21ECD002566B9 /* TodoReminder */;
			targetProxy = 30941D1B24E21ECF002566B9 /* PBXContainerItemProxy */;
		};
		30941D2724E21ECF002566B9 /* PBXTargetDependency */ = {
			isa = PBXTargetDependency;
			target = 30941D0824E21ECD002566B9 /* TodoReminder */;
			targetProxy = 30941D2624E21ECF002566B9 /* PBXContainerItemProxy */;
		};
/* End PBXTargetDependency section */

/* Begin XCBuildConfiguration section */
		30941D2C24E21ECF002566B9 /* Debug */ = {
			isa = XCBuildConfiguration;
			buildSettings = {
				ALWAYS_SEARCH_USER_PATHS = NO;
				CLANG_ANALYZER_NONNULL = YES;
				CLANG_ANALYZER_NUMBER_OBJECT_CONVERSION = YES_AGGRESSIVE;
				CLANG_CXX_LANGUAGE_STANDARD = "gnu++14";
				CLANG_CXX_LIBRARY = "libc++";
				CLANG_ENABLE_MODULES = YES;
				CLANG_ENABLE_OBJC_ARC = YES;
				CLANG_ENABLE_OBJC_WEAK = YES;
				CLANG_WARN_BLOCK_CAPTURE_AUTORELEASING = YES;
				CLANG_WARN_BOOL_CONVERSION = YES;
				CLANG_WARN_COMMA = YES;
				CLANG_WARN_CONSTANT_CONVERSION = YES;
				CLANG_WARN_DEPRECATED_OBJC_IMPLEMENTATIONS = YES;
				CLANG_WARN_DIRECT_OBJC_ISA_USAGE = YES_ERROR;
				CLANG_WARN_DOCUMENTATION_COMMENTS = YES;
				CLANG_WARN_EMPTY_BODY = YES;
				CLANG_WARN_ENUM_CONVERSION = YES;
				CLANG_WARN_INFINITE_RECURSION = YES;
				CLANG_WARN_INT_CONVERSION = YES;
				CLANG_WARN_NON_LITERAL_NULL_CONVERSION = YES;
				CLANG_WARN_OBJC_IMPLICIT_RETAIN_SELF = YES;
				CLANG_WARN_OBJC_LITERAL_CONVERSION = YES;
				CLANG_WARN_OBJC_ROOT_CLASS = YES_ERROR;
				CLANG_WARN_QUOTED_INCLUDE_IN_FRAMEWORK_HEADER = YES;
				CLANG_WARN_RANGE_LOOP_ANALYSIS = YES;
				CLANG_WARN_STRICT_PROTOTYPES = YES;
				CLANG_WARN_SUSPICIOUS_MOVE = YES;
				CLANG_WARN_UNGUARDED_AVAILABILITY = YES_AGGRESSIVE;
				CLANG_WARN_UNREACHABLE_CODE = YES;
				CLANG_WARN__DUPLICATE_METHOD_MATCH = YES;
				COPY_PHASE_STRIP = NO;
				DEBUG_INFORMATION_FORMAT = dwarf;
				ENABLE_STRICT_OBJC_MSGSEND = YES;
				ENABLE_TESTABILITY = YES;
				GCC_C_LANGUAGE_STANDARD = gnu11;
				GCC_DYNAMIC_NO_PIC = NO;
				GCC_NO_COMMON_BLOCKS = YES;
				GCC_OPTIMIZATION_LEVEL = 0;
				GCC_PREPROCESSOR_DEFINITIONS = (
					"DEBUG=1",
					"$(inherited)",
				);
				GCC_WARN_64_TO_32_BIT_CONVERSION = YES;
				GCC_WARN_ABOUT_RETURN_TYPE = YES_ERROR;
				GCC_WARN_UNDECLARED_SELECTOR = YES;
				GCC_WARN_UNINITIALIZED_AUTOS = YES_AGGRESSIVE;
				GCC_WARN_UNUSED_FUNCTION = YES;
				GCC_WARN_UNUSED_VARIABLE = YES;
				IPHONEOS_DEPLOYMENT_TARGET = 14.0;
				MTL_ENABLE_DEBUG_INFO = INCLUDE_SOURCE;
				MTL_FAST_MATH = YES;
				ONLY_ACTIVE_ARCH = YES;
				SDKROOT = iphoneos;
				SWIFT_ACTIVE_COMPILATION_CONDITIONS = DEBUG;
				SWIFT_OPTIMIZATION_LEVEL = "-Onone";
			};
			name = Debug;
		};
		30941D2D24E21ECF002566B9 /* Release */ = {
			isa = XCBuildConfiguration;
			buildSettings = {
				ALWAYS_SEARCH_USER_PATHS = NO;
				CLANG_ANALYZER_NONNULL = YES;
				CLANG_ANALYZER_NUMBER_OBJECT_CONVERSION = YES_AGGRESSIVE;
				CLANG_CXX_LANGUAGE_STANDARD = "gnu++14";
				CLANG_CXX_LIBRARY = "libc++";
				CLANG_ENABLE_MODULES = YES;
				CLANG_ENABLE_OBJC_ARC = YES;
				CLANG_ENABLE_OBJC_WEAK = YES;
				CLANG_WARN_BLOCK_CAPTURE_AUTORELEASING = YES;
				CLANG_WARN_BOOL_CONVERSION = YES;
				CLANG_WARN_COMMA = YES;
				CLANG_WARN_CONSTANT_CONVERSION = YES;
				CLANG_WARN_DEPRECATED_OBJC_IMPLEMENTATIONS = YES;
				CLANG_WARN_DIRECT_OBJC_ISA_USAGE = YES_ERROR;
				CLANG_WARN_DOCUMENTATION_COMMENTS = YES;
				CLANG_WARN_EMPTY_BODY = YES;
				CLANG_WARN_ENUM_CONVERSION = YES;
				CLANG_WARN_INFINITE_RECURSION = YES;
				CLANG_WARN_INT_CONVERSION = YES;
				CLANG_WARN_NON_LITERAL_NULL_CONVERSION = YES;
				CLANG_WARN_OBJC_IMPLICIT_RETAIN_SELF = YES;
				CLANG_WARN_OBJC_LITERAL_CONVERSION = YES;
				CLANG_WARN_OBJC_ROOT_CLASS = YES_ERROR;
				CLANG_WARN_QUOTED_INCLUDE_IN_FRAMEWORK_HEADER = YES;
				CLANG_WARN_RANGE_LOOP_ANALYSIS = YES;
				CLANG_WARN_STRICT_PROTOTYPES = YES;
				CLANG_WARN_SUSPICIOUS_MOVE = YES;
				CLANG_WARN_UNGUARDED_AVAILABILITY = YES_AGGRESSIVE;
				CLANG_WARN_UNREACHABLE_CODE = YES;
				CLANG_WARN__DUPLICATE_METHOD_MATCH = YES;
				COPY_PHASE_STRIP = NO;
				DEBUG_INFORMATION_FORMAT = "dwarf-with-dsym";
				ENABLE_NS_ASSERTIONS = NO;
				ENABLE_STRICT_OBJC_MSGSEND = YES;
				GCC_C_LANGUAGE_STANDARD = gnu11;
				GCC_NO_COMMON_BLOCKS = YES;
				GCC_WARN_64_TO_32_BIT_CONVERSION = YES;
				GCC_WARN_ABOUT_RETURN_TYPE = YES_ERROR;
				GCC_WARN_UNDECLARED_SELECTOR = YES;
				GCC_WARN_UNINITIALIZED_AUTOS = YES_AGGRESSIVE;
				GCC_WARN_UNUSED_FUNCTION = YES;
				GCC_WARN_UNUSED_VARIABLE = YES;
				IPHONEOS_DEPLOYMENT_TARGET = 14.0;
				MTL_ENABLE_DEBUG_INFO = NO;
				MTL_FAST_MATH = YES;
				SDKROOT = iphoneos;
				SWIFT_COMPILATION_MODE = wholemodule;
				SWIFT_OPTIMIZATION_LEVEL = "-O";
				VALIDATE_PRODUCT = YES;
			};
			name = Release;
		};
		30941D2F24E21ECF002566B9 /* Debug */ = {
			isa = XCBuildConfiguration;
			buildSettings = {
				ASSETCATALOG_COMPILER_APPICON_NAME = AppIcon;
				ASSETCATALOG_COMPILER_GLOBAL_ACCENT_COLOR_NAME = AccentColor;
				CODE_SIGN_STYLE = Automatic;
				DEVELOPMENT_ASSET_PATHS = "\"TodoReminder/Preview Content\"";
				DEVELOPMENT_TEAM = WNEUDLL4LF;
				ENABLE_PREVIEWS = YES;
				INFOPLIST_FILE = TodoReminder/Info.plist;
				IPHONEOS_DEPLOYMENT_TARGET = 14.0;
				LD_RUNPATH_SEARCH_PATHS = (
					"$(inherited)",
					"@executable_path/Frameworks",
				);
				PRODUCT_BUNDLE_IDENTIFIER = "com.Personal-Factory.TodoReminder";
				PRODUCT_NAME = "$(TARGET_NAME)";
				SWIFT_VERSION = 5.0;
				TARGETED_DEVICE_FAMILY = "1,2";
			};
			name = Debug;
		};
		30941D3024E21ECF002566B9 /* Release */ = {
			isa = XCBuildConfiguration;
			buildSettings = {
				ASSETCATALOG_COMPILER_APPICON_NAME = AppIcon;
				ASSETCATALOG_COMPILER_GLOBAL_ACCENT_COLOR_NAME = AccentColor;
				CODE_SIGN_STYLE = Automatic;
				DEVELOPMENT_ASSET_PATHS = "\"TodoReminder/Preview Content\"";
				DEVELOPMENT_TEAM = WNEUDLL4LF;
				ENABLE_PREVIEWS = YES;
				INFOPLIST_FILE = TodoReminder/Info.plist;
				IPHONEOS_DEPLOYMENT_TARGET = 14.0;
				LD_RUNPATH_SEARCH_PATHS = (
					"$(inherited)",
					"@executable_path/Frameworks",
				);
				PRODUCT_BUNDLE_IDENTIFIER = "com.Personal-Factory.TodoReminder";
				PRODUCT_NAME = "$(TARGET_NAME)";
				SWIFT_VERSION = 5.0;
				TARGETED_DEVICE_FAMILY = "1,2";
			};
			name = Release;
		};
		30941D3224E21ECF002566B9 /* Debug */ = {
			isa = XCBuildConfiguration;
			buildSettings = {
				ALWAYS_EMBED_SWIFT_STANDARD_LIBRARIES = YES;
				BUNDLE_LOADER = "$(TEST_HOST)";
				CODE_SIGN_STYLE = Automatic;
				DEVELOPMENT_TEAM = WNEUDLL4LF;
				INFOPLIST_FILE = TodoReminderTests/Info.plist;
				IPHONEOS_DEPLOYMENT_TARGET = 14.0;
				LD_RUNPATH_SEARCH_PATHS = (
					"$(inherited)",
					"@executable_path/Frameworks",
					"@loader_path/Frameworks",
				);
				PRODUCT_BUNDLE_IDENTIFIER = "com.Personal-Factory.TodoReminderTests";
				PRODUCT_NAME = "$(TARGET_NAME)";
				SWIFT_VERSION = 5.0;
				TARGETED_DEVICE_FAMILY = "1,2";
				TEST_HOST = "$(BUILT_PRODUCTS_DIR)/TodoReminder.app/TodoReminder";
			};
			name = Debug;
		};
		30941D3324E21ECF002566B9 /* Release */ = {
			isa = XCBuildConfiguration;
			buildSettings = {
				ALWAYS_EMBED_SWIFT_STANDARD_LIBRARIES = YES;
				BUNDLE_LOADER = "$(TEST_HOST)";
				CODE_SIGN_STYLE = Automatic;
				DEVELOPMENT_TEAM = WNEUDLL4LF;
				INFOPLIST_FILE = TodoReminderTests/Info.plist;
				IPHONEOS_DEPLOYMENT_TARGET = 14.0;
				LD_RUNPATH_SEARCH_PATHS = (
					"$(inherited)",
					"@executable_path/Frameworks",
					"@loader_path/Frameworks",
				);
				PRODUCT_BUNDLE_IDENTIFIER = "com.Personal-Factory.TodoReminderTests";
				PRODUCT_NAME = "$(TARGET_NAME)";
				SWIFT_VERSION = 5.0;
				TARGETED_DEVICE_FAMILY = "1,2";
				TEST_HOST = "$(BUILT_PRODUCTS_DIR)/TodoReminder.app/TodoReminder";
			};
			name = Release;
		};
		30941D3524E21ECF002566B9 /* Debug */ = {
			isa = XCBuildConfiguration;
			buildSettings = {
				ALWAYS_EMBED_SWIFT_STANDARD_LIBRARIES = YES;
				CODE_SIGN_STYLE = Automatic;
				DEVELOPMENT_TEAM = WNEUDLL4LF;
				INFOPLIST_FILE = TodoReminderUITests/Info.plist;
				LD_RUNPATH_SEARCH_PATHS = (
					"$(inherited)",
					"@executable_path/Frameworks",
					"@loader_path/Frameworks",
				);
				PRODUCT_BUNDLE_IDENTIFIER = "com.Personal-Factory.TodoReminderUITests";
				PRODUCT_NAME = "$(TARGET_NAME)";
				SWIFT_VERSION = 5.0;
				TARGETED_DEVICE_FAMILY = "1,2";
				TEST_TARGET_NAME = TodoReminder;
			};
			name = Debug;
		};
		30941D3624E21ECF002566B9 /* Release */ = {
			isa = XCBuildConfiguration;
			buildSettings = {
				ALWAYS_EMBED_SWIFT_STANDARD_LIBRARIES = YES;
				CODE_SIGN_STYLE = Automatic;
				DEVELOPMENT_TEAM = WNEUDLL4LF;
				INFOPLIST_FILE = TodoReminderUITests/Info.plist;
				LD_RUNPATH_SEARCH_PATHS = (
					"$(inherited)",
					"@executable_path/Frameworks",
					"@loader_path/Frameworks",
				);
				PRODUCT_BUNDLE_IDENTIFIER = "com.Personal-Factory.TodoReminderUITests";
				PRODUCT_NAME = "$(TARGET_NAME)";
				SWIFT_VERSION = 5.0;
				TARGETED_DEVICE_FAMILY = "1,2";
				TEST_TARGET_NAME = TodoReminder;
			};
			name = Release;
		};
/* End XCBuildConfiguration section */

/* Begin XCConfigurationList section */
		30941D0424E21ECD002566B9 /* Build configuration list for PBXProject "TodoReminder" */ = {
			isa = XCConfigurationList;
			buildConfigurations = (
				30941D2C24E21ECF002566B9 /* Debug */,
				30941D2D24E21ECF002566B9 /* Release */,
			);
			defaultConfigurationIsVisible = 0;
			defaultConfigurationName = Release;
		};
		30941D2E24E21ECF002566B9 /* Build configuration list for PBXNativeTarget "TodoReminder" */ = {
			isa = XCConfigurationList;
			buildConfigurations = (
				30941D2F24E21ECF002566B9 /* Debug */,
				30941D3024E21ECF002566B9 /* Release */,
			);
			defaultConfigurationIsVisible = 0;
			defaultConfigurationName = Release;
		};
		30941D3124E21ECF002566B9 /* Build configuration list for PBXNativeTarget "TodoReminderTests" */ = {
			isa = XCConfigurationList;
			buildConfigurations = (
				30941D3224E21ECF002566B9 /* Debug */,
				30941D3324E21ECF002566B9 /* Release */,
			);
			defaultConfigurationIsVisible = 0;
			defaultConfigurationName = Release;
		};
		30941D3424E21ECF002566B9 /* Build configuration list for PBXNativeTarget "TodoReminderUITests" */ = {
			isa = XCConfigurationList;
			buildConfigurations = (
				30941D3524E21ECF002566B9 /* Debug */,
				30941D3624E21ECF002566B9 /* Release */,
			);
			defaultConfigurationIsVisible = 0;
			defaultConfigurationName = Release;
		};
/* End XCConfigurationList section */

/* Begin XCVersionGroup section */
		30941D3824E21FB1002566B9 /* Todo.xcdatamodeld */ = {
			isa = XCVersionGroup;
			children = (
				30941D3924E21FB1002566B9 /* Todo.xcdatamodel */,
			);
			currentVersion = 30941D3924E21FB1002566B9 /* Todo.xcdatamodel */;
			path = Todo.xcdatamodeld;
			sourceTree = "<group>";
			versionGroupType = wrapper.xcdatamodel;
		};
/* End XCVersionGroup section */
	};
	rootObject = 30941D0124E21ECD002566B9 /* Project object */;
}
